
Microsoft Visual Studio Solution File, Format Version 12.00
# Visual Studio Version 17
VisualStudioVersion = 17.3.32804.467
MinimumVisualStudioVersion = 10.0.40219.1
Project("{FAE04EC0-301F-11D3-BF4B-00C04F79EFBC}") = "ORDER ASCENDING AND DESCENDING", "ORDER ASCENDING AND DESCENDING\ORDER ASCENDING AND DESCENDING.csproj", "{D2788158-ACEE-4FF2-AABB-BA6E6DBAA687}"
EndProject
Global
	GlobalSection(SolutionConfigurationPlatforms) = preSolution
		Debug|Any CPU = Debug|Any CPU
		Release|Any CPU = Release|Any CPU
	EndGlobalSection
	GlobalSection(ProjectConfigurationPlatforms) = postSolution
		{D2788158-ACEE-4FF2-AABB-BA6E6DBAA687}.Debug|Any CPU.ActiveCfg = Debug|Any CPU
		{D2788158-ACEE-4FF2-AABB-BA6E6DBAA687}.Debug|Any CPU.Build.0 = Debug|Any CPU
		{D2788158-ACEE-4FF2-AABB-BA6E6DBAA687}.Release|Any CPU.ActiveCfg = Release|Any CPU
		{D2788158-ACEE-4FF2-AABB-BA6E6DBAA687}.Release|Any CPU.Build.0 = Release|Any CPU
	EndGlobalSection
	GlobalSection(SolutionProperties) = preSolution
		HideSolutionNode = FALSE
	EndGlobalSection
	GlobalSection(ExtensibilityGlobals) = postSolution
		SolutionGuid = {BBA04007-D3CE-440D-9381-05D72605EEAA}
	EndGlobalSection
EndGlobal
